// !$*UTF8*$!
{
	archiveVersion = 1;
	classes = {
	};
	objectVersion = 46;
	objects = {

/* Begin PBXBuildFile section */
		3D2FC5EC1BAE238F009DB5D6 /* AppDelegate.swift in Sources */ = {isa = PBXBuildFile; fileRef = 3D2FC5EB1BAE238F009DB5D6 /* AppDelegate.swift */; };
		3D2FC5EE1BAE238F009DB5D6 /* ViewController.swift in Sources */ = {isa = PBXBuildFile; fileRef = 3D2FC5ED1BAE238F009DB5D6 /* ViewController.swift */; };
		3D2FC5F31BAE2390009DB5D6 /* Assets.xcassets in Resources */ = {isa = PBXBuildFile; fileRef = 3D2FC5F21BAE2390009DB5D6 /* Assets.xcassets */; };
		3D2FC5F61BAE2390009DB5D6 /* LaunchScreen.storyboard in Resources */ = {isa = PBXBuildFile; fileRef = 3D2FC5F41BAE2390009DB5D6 /* LaunchScreen.storyboard */; };
		3D2FC60C1BAE2390009DB5D6 /* TableDemoLyndaUITests.swift in Sources */ = {isa = PBXBuildFile; fileRef = 3D2FC60B1BAE2390009DB5D6 /* TableDemoLyndaUITests.swift */; };
		3D2FC61A1BAE3926009DB5D6 /* DetailViewController.swift in Sources */ = {isa = PBXBuildFile; fileRef = 3D2FC6191BAE3926009DB5D6 /* DetailViewController.swift */; };
		3DACE5B31BAFC69D00A2B3B4 /* MessageUI.framework in Frameworks */ = {isa = PBXBuildFile; fileRef = 3DACE5B21BAFC69D00A2B3B4 /* MessageUI.framework */; };
		3DE6420D1BAE7C9D00E5A31E /* Main.storyboard in Resources */ = {isa = PBXBuildFile; fileRef = 3DE6420C1BAE7C9D00E5A31E /* Main.storyboard */; };
/* End PBXBuildFile section */

/* Begin PBXContainerItemProxy section */
		3D2FC5FD1BAE2390009DB5D6 /* PBXContainerItemProxy */ = {
			isa = PBXContainerItemProxy;
			containerPortal = 3D2FC5E01BAE238D009DB5D6 /* Project object */;
			proxyType = 1;
			remoteGlobalIDString = 3D2FC5E71BAE238F009DB5D6;
			remoteInfo = TableDemoLynda;
		};
		3D2FC6081BAE2390009DB5D6 /* PBXContainerItemProxy */ = {
			isa = PBXContainerItemProxy;
			containerPortal = 3D2FC5E01BAE238D009DB5D6 /* Project object */;
			proxyType = 1;
			remoteGlobalIDString = 3D2FC5E71BAE238F009DB5D6;
			remoteInfo = TableDemoLynda;
		};
/* End PBXContainerItemProxy section */

/* Begin PBXFileReference section */
		3D2FC5E81BAE238F009DB5D6 /* Roster.app */ = {isa = PBXFileReference; explicitFileType = wrapper.application; includeInIndex = 0; path = Roster.app; sourceTree = BUILT_PRODUCTS_DIR; };
		3D2FC5EB1BAE238F009DB5D6 /* AppDelegate.swift */ = {isa = PBXFileReference; lastKnownFileType = sourcecode.swift; path = AppDelegate.swift; sourceTree = "<group>"; };
		3D2FC5ED1BAE238F009DB5D6 /* ViewController.swift */ = {isa = PBXFileReference; lastKnownFileType = sourcecode.swift; path = ViewController.swift; sourceTree = "<group>"; };
		3D2FC5F21BAE2390009DB5D6 /* Assets.xcassets */ = {isa = PBXFileReference; lastKnownFileType = folder.assetcatalog; path = Assets.xcassets; sourceTree = "<group>"; };
		3D2FC5F51BAE2390009DB5D6 /* Base */ = {isa = PBXFileReference; lastKnownFileType = file.storyboard; name = Base; path = Base.lproj/LaunchScreen.storyboard; sourceTree = "<group>"; };
		3D2FC5F71BAE2390009DB5D6 /* Info.plist */ = {isa = PBXFileReference; lastKnownFileType = text.plist.xml; path = Info.plist; sourceTree = "<group>"; };
		3D2FC5FC1BAE2390009DB5D6 /* Roster.xctest */ = {isa = PBXFileReference; explicitFileType = wrapper.cfbundle; includeInIndex = 0; path = Roster.xctest; sourceTree = BUILT_PRODUCTS_DIR; };
		3D2FC6071BAE2390009DB5D6 /* Roster.xctest */ = {isa = PBXFileReference; explicitFileType = wrapper.cfbundle; includeInIndex = 0; path = Roster.xctest; sourceTree = BUILT_PRODUCTS_DIR; };
		3D2FC60B1BAE2390009DB5D6 /* TableDemoLyndaUITests.swift */ = {isa = PBXFileReference; lastKnownFileType = sourcecode.swift; path = TableDemoLyndaUITests.swift; sourceTree = "<group>"; };
		3D2FC60D1BAE2390009DB5D6 /* Info.plist */ = {isa = PBXFileReference; lastKnownFileType = text.plist.xml; path = Info.plist; sourceTree = "<group>"; };
		3D2FC6191BAE3926009DB5D6 /* DetailViewController.swift */ = {isa = PBXFileReference; fileEncoding = 4; lastKnownFileType = sourcecode.swift; path = DetailViewController.swift; sourceTree = "<group>"; };
		3DACE5B21BAFC69D00A2B3B4 /* MessageUI.framework */ = {isa = PBXFileReference; lastKnownFileType = wrapper.framework; name = MessageUI.framework; path = System/Library/Frameworks/MessageUI.framework; sourceTree = SDKROOT; };
		3DE6420C1BAE7C9D00E5A31E /* Main.storyboard */ = {isa = PBXFileReference; fileEncoding = 4; lastKnownFileType = file.storyboard; path = Main.storyboard; sourceTree = "<group>"; };
/* End PBXFileReference section */

/* Begin PBXFrameworksBuildPhase section */
		3D2FC5E51BAE238F009DB5D6 /* Frameworks */ = {
			isa = PBXFrameworksBuildPhase;
			buildActionMask = 2147483647;
			files = (
				3DACE5B31BAFC69D00A2B3B4 /* MessageUI.framework in Frameworks */,
			);
			runOnlyForDeploymentPostprocessing = 0;
		};
		3D2FC5F91BAE2390009DB5D6 /* Frameworks */ = {
			isa = PBXFrameworksBuildPhase;
			buildActionMask = 2147483647;
			files = (
			);
			runOnlyForDeploymentPostprocessing = 0;
		};
		3D2FC6041BAE2390009DB5D6 /* Frameworks */ = {
			isa = PBXFrameworksBuildPhase;
			buildActionMask = 2147483647;
			files = (
			);
			runOnlyForDeploymentPostprocessing = 0;
		};
/* End PBXFrameworksBuildPhase section */

/* Begin PBXGroup section */
		3D2FC5DF1BAE238D009DB5D6 = {
			isa = PBXGroup;
			children = (
				3D2FC5EA1BAE238F009DB5D6 /* Roster */,
				3D2FC60A1BAE2390009DB5D6 /* RosterTests */,
				3D2FC5E91BAE238F009DB5D6 /* Products */,
			);
			sourceTree = "<group>";
		};
		3D2FC5E91BAE238F009DB5D6 /* Products */ = {
			isa = PBXGroup;
			children = (
				3D2FC5E81BAE238F009DB5D6 /* Roster.app */,
				3D2FC5FC1BAE2390009DB5D6 /* Roster.xctest */,
				3D2FC6071BAE2390009DB5D6 /* Roster.xctest */,
			);
			name = Products;
			sourceTree = "<group>";
		};
		3D2FC5EA1BAE238F009DB5D6 /* Roster */ = {
			isa = PBXGroup;
			children = (
				3DE6420C1BAE7C9D00E5A31E /* Main.storyboard */,
				3D2FC5EB1BAE238F009DB5D6 /* AppDelegate.swift */,
				3D2FC5ED1BAE238F009DB5D6 /* ViewController.swift */,
				3D2FC6191BAE3926009DB5D6 /* DetailViewController.swift */,
				3D2FC5F21BAE2390009DB5D6 /* Assets.xcassets */,
				3D2FC5F41BAE2390009DB5D6 /* LaunchScreen.storyboard */,
				3D2FC5F71BAE2390009DB5D6 /* Info.plist */,
				3DACE5B21BAFC69D00A2B3B4 /* MessageUI.framework */,
			);
			name = Roster;
			path = TableDemoLynda;
			sourceTree = "<group>";
		};
		3D2FC60A1BAE2390009DB5D6 /* RosterTests */ = {
			isa = PBXGroup;
			children = (
				3D2FC60B1BAE2390009DB5D6 /* TableDemoLyndaUITests.swift */,
				3D2FC60D1BAE2390009DB5D6 /* Info.plist */,
			);
			name = RosterTests;
			path = TableDemoLyndaUITests;
			sourceTree = "<group>";
		};
/* End PBXGroup section */

/* Begin PBXNativeTarget section */
		3D2FC5E71BAE238F009DB5D6 /* Roster */ = {
			isa = PBXNativeTarget;
			buildConfigurationList = 3D2FC6101BAE2390009DB5D6 /* Build configuration list for PBXNativeTarget "Roster" */;
			buildPhases = (
				3D2FC5E41BAE238F009DB5D6 /* Sources */,
				3D2FC5E51BAE238F009DB5D6 /* Frameworks */,
				3D2FC5E61BAE238F009DB5D6 /* Resources */,
			);
			buildRules = (
			);
			dependencies = (
			);
			name = Roster;
			productName = TableDemoLynda;
			productReference = 3D2FC5E81BAE238F009DB5D6 /* Roster.app */;
			productType = "com.apple.product-type.application";
		};
		3D2FC5FB1BAE2390009DB5D6 /* RosterTests */ = {
			isa = PBXNativeTarget;
			buildConfigurationList = 3D2FC6131BAE2390009DB5D6 /* Build configuration list for PBXNativeTarget "RosterTests" */;
			buildPhases = (
				3D2FC5F81BAE2390009DB5D6 /* Sources */,
				3D2FC5F91BAE2390009DB5D6 /* Frameworks */,
				3D2FC5FA1BAE2390009DB5D6 /* Resources */,
			);
			buildRules = (
			);
			dependencies = (
				3D2FC5FE1BAE2390009DB5D6 /* PBXTargetDependency */,
			);
			name = RosterTests;
			productName = TableDemoLyndaTests;
			productReference = 3D2FC5FC1BAE2390009DB5D6 /* Roster.xctest */;
			productType = "com.apple.product-type.bundle.unit-test";
		};
		3D2FC6061BAE2390009DB5D6 /* RosterUITests */ = {
			isa = PBXNativeTarget;
			buildConfigurationList = 3D2FC6161BAE2390009DB5D6 /* Build configuration list for PBXNativeTarget "RosterUITests" */;
			buildPhases = (
				3D2FC6031BAE2390009DB5D6 /* Sources */,
				3D2FC6041BAE2390009DB5D6 /* Frameworks */,
				3D2FC6051BAE2390009DB5D6 /* Resources */,
			);
			buildRules = (
			);
			dependencies = (
				3D2FC6091BAE2390009DB5D6 /* PBXTargetDependency */,
			);
			name = RosterUITests;
			productName = TableDemoLyndaUITests;
			productReference = 3D2FC6071BAE2390009DB5D6 /* Roster.xctest */;
			productType = "com.apple.product-type.bundle.ui-testing";
		};
/* End PBXNativeTarget section */

/* Begin PBXProject section */
		3D2FC5E01BAE238D009DB5D6 /* Project object */ = {
			isa = PBXProject;
			attributes = {
				LastSwiftUpdateCheck = 0710;
				LastUpgradeCheck = 0700;
				ORGANIZATIONNAME = "Cynthia Whitlatch";
				TargetAttributes = {
					3D2FC5E71BAE238F009DB5D6 = {
						CreatedOnToolsVersion = 7.0;
					};
					3D2FC5FB1BAE2390009DB5D6 = {
						CreatedOnToolsVersion = 7.0;
						TestTargetID = 3D2FC5E71BAE238F009DB5D6;
					};
					3D2FC6061BAE2390009DB5D6 = {
						CreatedOnToolsVersion = 7.0;
						TestTargetID = 3D2FC5E71BAE238F009DB5D6;
					};
				};
			};
			buildConfigurationList = 3D2FC5E31BAE238D009DB5D6 /* Build configuration list for PBXProject "Roster" */;
			compatibilityVersion = "Xcode 3.2";
			developmentRegion = English;
			hasScannedForEncodings = 0;
			knownRegions = (
				en,
				Base,
			);
			mainGroup = 3D2FC5DF1BAE238D009DB5D6;
			productRefGroup = 3D2FC5E91BAE238F009DB5D6 /* Products */;
			projectDirPath = "";
			projectRoot = "";
			targets = (
				3D2FC5E71BAE238F009DB5D6 /* Roster */,
				3D2FC5FB1BAE2390009DB5D6 /* RosterTests */,
				3D2FC6061BAE2390009DB5D6 /* RosterUITests */,
			);
		};
/* End PBXProject section */

/* Begin PBXResourcesBuildPhase section */
		3D2FC5E61BAE238F009DB5D6 /* Resources */ = {
			isa = PBXResourcesBuildPhase;
			buildActionMask = 2147483647;
			files = (
				3DE6420D1BAE7C9D00E5A31E /* Main.storyboard in Resources */,
				3D2FC5F61BAE2390009DB5D6 /* LaunchScreen.storyboard in Resources */,
				3D2FC5F31BAE2390009DB5D6 /* Assets.xcassets in Resources */,
			);
			runOnlyForDeploymentPostprocessing = 0;
		};
		3D2FC5FA1BAE2390009DB5D6 /* Resources */ = {
			isa = PBXResourcesBuildPhase;
			buildActionMask = 2147483647;
			files = (
			);
			runOnlyForDeploymentPostprocessing = 0;
		};
		3D2FC6051BAE2390009DB5D6 /* Resources */ = {
			isa = PBXResourcesBuildPhase;
			buildActionMask = 2147483647;
			files = (
			);
			runOnlyForDeploymentPostprocessing = 0;
		};
/* End PBXResourcesBuildPhase section */

/* Begin PBXSourcesBuildPhase section */
		3D2FC5E41BAE238F009DB5D6 /* Sources */ = {
			isa = PBXSourcesBuildPhase;
			buildActionMask = 2147483647;
			files = (
				3D2FC61A1BAE3926009DB5D6 /* DetailViewController.swift in Sources */,
				3D2FC5EE1BAE238F009DB5D6 /* ViewController.swift in Sources */,
				3D2FC5EC1BAE238F009DB5D6 /* AppDelegate.swift in Sources */,
			);
			runOnlyForDeploymentPostprocessing = 0;
		};
		3D2FC5F81BAE2390009DB5D6 /* Sources */ = {
			isa = PBXSourcesBuildPhase;
			buildActionMask = 2147483647;
			files = (
			);
			runOnlyForDeploymentPostprocessing = 0;
		};
		3D2FC6031BAE2390009DB5D6 /* Sources */ = {
			isa = PBXSourcesBuildPhase;
			buildActionMask = 2147483647;
			files = (
				3D2FC60C1BAE2390009DB5D6 /* TableDemoLyndaUITests.swift in Sources */,
			);
			runOnlyForDeploymentPostprocessing = 0;
		};
/* End PBXSourcesBuildPhase section */

/* Begin PBXTargetDependency section */
		3D2FC5FE1BAE2390009DB5D6 /* PBXTargetDependency */ = {
			isa = PBXTargetDependency;
			target = 3D2FC5E71BAE238F009DB5D6 /* Roster */;
			targetProxy = 3D2FC5FD1BAE2390009DB5D6 /* PBXContainerItemProxy */;
		};
		3D2FC6091BAE2390009DB5D6 /* PBXTargetDependency */ = {
			isa = PBXTargetDependency;
			target = 3D2FC5E71BAE238F009DB5D6 /* Roster */;
			targetProxy = 3D2FC6081BAE2390009DB5D6 /* PBXContainerItemProxy */;
		};
/* End PBXTargetDependency section */

/* Begin PBXVariantGroup section */
		3D2FC5F41BAE2390009DB5D6 /* LaunchScreen.storyboard */ = {
			isa = PBXVariantGroup;
			children = (
				3D2FC5F51BAE2390009DB5D6 /* Base */,
			);
			name = LaunchScreen.storyboard;
			sourceTree = "<group>";
		};
/* End PBXVariantGroup section */

/* Begin XCBuildConfiguration section */
		3D2FC60E1BAE2390009DB5D6 /* Debug */ = {
			isa = XCBuildConfiguration;
			buildSettings = {
				ALWAYS_SEARCH_USER_PATHS = NO;
				CLANG_CXX_LANGUAGE_STANDARD = "gnu++0x";
				CLANG_CXX_LIBRARY = "libc++";
				CLANG_ENABLE_MODULES = YES;
				CLANG_ENABLE_OBJC_ARC = YES;
				CLANG_WARN_BOOL_CONVERSION = YES;
				CLANG_WARN_CONSTANT_CONVERSION = YES;
				CLANG_WARN_DIRECT_OBJC_ISA_USAGE = YES_ERROR;
				CLANG_WARN_EMPTY_BODY = YES;
				CLANG_WARN_ENUM_CONVERSION = YES;
				CLANG_WARN_INT_CONVERSION = YES;
				CLANG_WARN_OBJC_ROOT_CLASS = YES_ERROR;
				CLANG_WARN_UNREACHABLE_CODE = YES;
				CLANG_WARN__DUPLICATE_METHOD_MATCH = YES;
				"CODE_SIGN_IDENTITY[sdk=iphoneos*]" = "iPhone Developer";
				COPY_PHASE_STRIP = NO;
				DEBUG_INFORMATION_FORMAT = dwarf;
				ENABLE_STRICT_OBJC_MSGSEND = YES;
				ENABLE_TESTABILITY = YES;
				GCC_C_LANGUAGE_STANDARD = gnu99;
				GCC_DYNAMIC_NO_PIC = NO;
				GCC_NO_COMMON_BLOCKS = YES;
				GCC_OPTIMIZATION_LEVEL = 0;
				GCC_PREPROCESSOR_DEFINITIONS = (
					"DEBUG=1",
					"$(inherited)",
				);
				GCC_WARN_64_TO_32_BIT_CONVERSION = YES;
				GCC_WARN_ABOUT_RETURN_TYPE = YES_ERROR;
				GCC_WARN_UNDECLARED_SELECTOR = YES;
				GCC_WARN_UNINITIALIZED_AUTOS = YES_AGGRESSIVE;
				GCC_WARN_UNUSED_FUNCTION = YES;
				GCC_WARN_UNUSED_VARIABLE = YES;
				IPHONEOS_DEPLOYMENT_TARGET = 9.0;
				MTL_ENABLE_DEBUG_INFO = YES;
				ONLY_ACTIVE_ARCH = YES;
				SDKROOT = iphoneos;
				SWIFT_OPTIMIZATION_LEVEL = "-Onone";
				TARGETED_DEVICE_FAMILY = "1,2";
			};
			name = Debug;
		};
		3D2FC60F1BAE2390009DB5D6 /* Release */ = {
			isa = XCBuildConfiguration;
			buildSettings = {
				ALWAYS_SEARCH_USER_PATHS = NO;
				CLANG_CXX_LANGUAGE_STANDARD = "gnu++0x";
				CLANG_CXX_LIBRARY = "libc++";
				CLANG_ENABLE_MODULES = YES;
				CLANG_ENABLE_OBJC_ARC = YES;
				CLANG_WARN_BOOL_CONVERSION = YES;
				CLANG_WARN_CONSTANT_CONVERSION = YES;
				CLANG_WARN_DIRECT_OBJC_ISA_USAGE = YES_ERROR;
				CLANG_WARN_EMPTY_BODY = YES;
				CLANG_WARN_ENUM_CONVERSION = YES;
				CLANG_WARN_INT_CONVERSION = YES;
				CLANG_WARN_OBJC_ROOT_CLASS = YES_ERROR;
				CLANG_WARN_UNREACHABLE_CODE = YES;
				CLANG_WARN__DUPLICATE_METHOD_MATCH = YES;
				"CODE_SIGN_IDENTITY[sdk=iphoneos*]" = "iPhone Developer";
				COPY_PHASE_STRIP = NO;
				DEBUG_INFORMATION_FORMAT = "dwarf-with-dsym";
				ENABLE_NS_ASSERTIONS = NO;
				ENABLE_STRICT_OBJC_MSGSEND = YES;
				GCC_C_LANGUAGE_STANDARD = gnu99;
				GCC_NO_COMMON_BLOCKS = YES;
				GCC_WARN_64_TO_32_BIT_CONVERSION = YES;
				GCC_WARN_ABOUT_RETURN_TYPE = YES_ERROR;
				GCC_WARN_UNDECLARED_SELECTOR = YES;
				GCC_WARN_UNINITIALIZED_AUTOS = YES_AGGRESSIVE;
				GCC_WARN_UNUSED_FUNCTION = YES;
				GCC_WARN_UNUSED_VARIABLE = YES;
				IPHONEOS_DEPLOYMENT_TARGET = 9.0;
				MTL_ENABLE_DEBUG_INFO = NO;
				SDKROOT = iphoneos;
				TARGETED_DEVICE_FAMILY = "1,2";
				VALIDATE_PRODUCT = YES;
			};
			name = Release;
		};
		3D2FC6111BAE2390009DB5D6 /* Debug */ = {
			isa = XCBuildConfiguration;
			buildSettings = {
				ASSETCATALOG_COMPILER_APPICON_NAME = AppIcon;
				INFOPLIST_FILE = TableDemoLynda/Info.plist;
				LD_RUNPATH_SEARCH_PATHS = "$(inherited) @executable_path/Frameworks";
				PRODUCT_BUNDLE_IDENTIFIER = com.cynthia.TableDemoLynda;
				PRODUCT_NAME = Roster;
			};
			name = Debug;
		};
		3D2FC6121BAE2390009DB5D6 /* Release */ = {
			isa = XCBuildConfiguration;
			buildSettings = {
				ASSETCATALOG_COMPILER_APPICON_NAME = AppIcon;
				INFOPLIST_FILE = TableDemoLynda/Info.plist;
				LD_RUNPATH_SEARCH_PATHS = "$(inherited) @executable_path/Frameworks";
				PRODUCT_BUNDLE_IDENTIFIER = com.cynthia.TableDemoLynda;
				PRODUCT_NAME = Roster;
			};
			name = Release;
		};
		3D2FC6141BAE2390009DB5D6 /* Debug */ = {
			isa = XCBuildConfiguration;
			buildSettings = {
				BUNDLE_LOADER = "$(TEST_HOST)";
				INFOPLIST_FILE = TableDemoLyndaTests/Info.plist;
				LD_RUNPATH_SEARCH_PATHS = "$(inherited) @executable_path/Frameworks @loader_path/Frameworks";
				PRODUCT_BUNDLE_IDENTIFIER = com.cynthia.TableDemoLyndaTests;
				PRODUCT_NAME = Roster;
				TEST_HOST = "$(BUILT_PRODUCTS_DIR)/Roster.app/Roster";
			};
			name = Debug;
		};
		3D2FC6151BAE2390009DB5D6 /* Release */ = {
			isa = XCBuildConfiguration;
			buildSettings = {
				BUNDLE_LOADER = "$(TEST_HOST)";
				INFOPLIST_FILE = TableDemoLyndaTests/Info.plist;
				LD_RUNPATH_SEARCH_PATHS = "$(inherited) @executable_path/Frameworks @loader_path/Frameworks";
				PRODUCT_BUNDLE_IDENTIFIER = com.cynthia.TableDemoLyndaTests;
				PRODUCT_NAME = Roster;
				TEST_HOST = "$(BUILT_PRODUCTS_DIR)/Roster.app/Roster";
			};
			name = Release;
		};
		3D2FC6171BAE2390009DB5D6 /* Debug */ = {
			isa = XCBuildConfiguration;
			buildSettings = {
				INFOPLIST_FILE = TableDemoLyndaUITests/Info.plist;
				LD_RUNPATH_SEARCH_PATHS = "$(inherited) @executable_path/Frameworks @loader_path/Frameworks";
				PRODUCT_BUNDLE_IDENTIFIER = com.cynthia.TableDemoLyndaUITests;
				PRODUCT_NAME = Roster;
				TEST_TARGET_NAME = TableDemoLynda;
				USES_XCTRUNNER = YES;
			};
			name = Debug;
		};
		3D2FC6181BAE2390009DB5D6 /* Release */ = {
			isa = XCBuildConfiguration;
			buildSettings = {
				INFOPLIST_FILE = TableDemoLyndaUITests/Info.plist;
				LD_RUNPATH_SEARCH_PATHS = "$(inherited) @executable_path/Frameworks @loader_path/Frameworks";
				PRODUCT_BUNDLE_IDENTIFIER = com.cynthia.TableDemoLyndaUITests;
				PRODUCT_NAME = Roster;
				TEST_TARGET_NAME = TableDemoLynda;
				USES_XCTRUNNER = YES;
			};
			name = Release;
		};
/* End XCBuildConfiguration section */

/* Begin XCConfigurationList section */
		3D2FC5E31BAE238D009DB5D6 /* Build configuration list for PBXProject "Roster" */ = {
			isa = XCConfigurationList;
			buildConfigurations = (
				3D2FC60E1BAE2390009DB5D6 /* Debug */,
				3D2FC60F1BAE2390009DB5D6 /* Release */,
			);
			defaultConfigurationIsVisible = 0;
			defaultConfigurationName = Release;
		};
		3D2FC6101BAE2390009DB5D6 /* Build configuration list for PBXNativeTarget "Roster" */ = {
			isa = XCConfigurationList;
			buildConfigurations = (
				3D2FC6111BAE2390009DB5D6 /* Debug */,
				3D2FC6121BAE2390009DB5D6 /* Release */,
			);
			defaultConfigurationIsVisible = 0;
			defaultConfigurationName = Release;
		};
		3D2FC6131BAE2390009DB5D6 /* Build configuration list for PBXNativeTarget "RosterTests" */ = {
			isa = XCConfigurationList;
			buildConfigurations = (
				3D2FC6141BAE2390009DB5D6 /* Debug */,
				3D2FC6151BAE2390009DB5D6 /* Release */,
			);
			defaultConfigurationIsVisible = 0;
			defaultConfigurationName = Release;
		};
		3D2FC6161BAE2390009DB5D6 /* Build configuration list for PBXNativeTarget "RosterUITests" */ = {
			isa = XCConfigurationList;
			buildConfigurations = (
				3D2FC6171BAE2390009DB5D6 /* Debug */,
				3D2FC6181BAE2390009DB5D6 /* Release */,
			);
			defaultConfigurationIsVisible = 0;
			defaultConfigurationName = Release;
		};
/* End XCConfigurationList section */
	};
	rootObject = 3D2FC5E01BAE238D009DB5D6 /* Project object */;
}
